
Microsoft Visual Studio Solution File, Format Version 12.00
# Visual Studio 15
VisualStudioVersion = 15.0.27703.2000
MinimumVisualStudioVersion = 10.0.40219.1
Project("{FAE04EC0-301F-11D3-BF4B-00C04F79EFBC}") = "Parse_CSVColumnString_to_ModelSyntax", "Parse_CSVColumnString_to_ModelSyntax\Parse_CSVColumnString_to_ModelSyntax.csproj", "{44D0C46A-013A-4C3F-B96A-4129ED8AFF41}"
EndProject
Global
	GlobalSection(SolutionConfigurationPlatforms) = preSolution
		Debug|Any CPU = Debug|Any CPU
		Release|Any CPU = Release|Any CPU
	EndGlobalSection
	GlobalSection(ProjectConfigurationPlatforms) = postSolution
		{44D0C46A-013A-4C3F-B96A-4129ED8AFF41}.Debug|Any CPU.ActiveCfg = Debug|Any CPU
		{44D0C46A-013A-4C3F-B96A-4129ED8AFF41}.Debug|Any CPU.Build.0 = Debug|Any CPU
		{44D0C46A-013A-4C3F-B96A-4129ED8AFF41}.Release|Any CPU.ActiveCfg = Release|Any CPU
		{44D0C46A-013A-4C3F-B96A-4129ED8AFF41}.Release|Any CPU.Build.0 = Release|Any CPU
	EndGlobalSection
	GlobalSection(SolutionProperties) = preSolution
		HideSolutionNode = FALSE
	EndGlobalSection
	GlobalSection(ExtensibilityGlobals) = postSolution
		SolutionGuid = {3EC8E99A-5A96-481F-B162-35F2E820F42C}
	EndGlobalSection
EndGlobal
